
Microsoft Visual Studio Solution File, Format Version 12.00
# Visual Studio 2013
VisualStudioVersion = 12.0.21005.1
MinimumVisualStudioVersion = 10.0.40219.1
Project("{FAE04EC0-301F-11D3-BF4B-00C04F79EFBC}") = "ZY", "ZY\ZY.csproj", "{94B77BAF-32F5-493F-8150-9C00DAB6877E}"
EndProject
Project("{FAE04EC0-301F-11D3-BF4B-00C04F79EFBC}") = "ConsoleApplication1", "ConsoleApplication1\ConsoleApplication1.csproj", "{63E5CCFF-A351-4528-AA37-825BE028F37C}"
EndProject
Global
	GlobalSection(SolutionConfigurationPlatforms) = preSolution
		Debug|Any CPU = Debug|Any CPU
		Release|Any CPU = Release|Any CPU
	EndGlobalSection
	GlobalSection(ProjectConfigurationPlatforms) = postSolution
		{94B77BAF-32F5-493F-8150-9C00DAB6877E}.Debug|Any CPU.ActiveCfg = Debug|Any CPU
		{94B77BAF-32F5-493F-8150-9C00DAB6877E}.Debug|Any CPU.Build.0 = Debug|Any CPU
		{94B77BAF-32F5-493F-8150-9C00DAB6877E}.Release|Any CPU.ActiveCfg = Release|Any CPU
		{94B77BAF-32F5-493F-8150-9C00DAB6877E}.Release|Any CPU.Build.0 = Release|Any CPU
		{63E5CCFF-A351-4528-AA37-825BE028F37C}.Debug|Any CPU.ActiveCfg = Debug|Any CPU
		{63E5CCFF-A351-4528-AA37-825BE028F37C}.Debug|Any CPU.Build.0 = Debug|Any CPU
		{63E5CCFF-A351-4528-AA37-825BE028F37C}.Release|Any CPU.ActiveCfg = Release|Any CPU
		{63E5CCFF-A351-4528-AA37-825BE028F37C}.Release|Any CPU.Build.0 = Release|Any CPU
	EndGlobalSection
	GlobalSection(SolutionProperties) = preSolution
		HideSolutionNode = FALSE
	EndGlobalSection
EndGlobal
